
Microsoft Visual Studio Solution File, Format Version 12.00
# Visual Studio Version 17
VisualStudioVersion = 17.6.33829.357
MinimumVisualStudioVersion = 10.0.40219.1
Project("{2150E333-8FDC-42A3-9474-1A3956D46DE8}") = "Layers", "Layers", "{C8EFD42D-84F2-43EA-BC4F-511927DFCBFA}"
EndProject
Project("{2150E333-8FDC-42A3-9474-1A3956D46DE8}") = "1. Presentation", "1. Presentation", "{4C488AA7-E8C4-4A53-BFEB-05C87752FAE1}"
EndProject
Project("{2150E333-8FDC-42A3-9474-1A3956D46DE8}") = "2. Distribution", "2. Distribution", "{49DBD739-DF0B-4581-A306-5FA688606F45}"
EndProject
Project("{2150E333-8FDC-42A3-9474-1A3956D46DE8}") = "3. Application", "3. Application", "{D3C6E312-3F2A-4536-A13A-F2D1A06A1DF1}"
EndProject
Project("{2150E333-8FDC-42A3-9474-1A3956D46DE8}") = "4. Domain", "4. Domain", "{78B4BA8D-8CDB-4BD0-AFA9-8623C8A6B71A}"
EndProject
Project("{2150E333-8FDC-42A3-9474-1A3956D46DE8}") = "5. Infrastructure", "5. Infrastructure", "{A9295EBD-2BE0-43CB-AF9D-01DC8E656CF3}"
EndProject
Project("{2150E333-8FDC-42A3-9474-1A3956D46DE8}") = "1.1 - Seedwork", "1.1 - Seedwork", "{85C61591-9D2B-41F6-A7F5-B9C6AAB96E02}"
EndProject
Project("{2150E333-8FDC-42A3-9474-1A3956D46DE8}") = "1.2 - ASP.NET", "1.2 - ASP.NET", "{BF256B4A-AB6B-4D1E-A335-E9D6D377016E}"
EndProject
Project("{2150E333-8FDC-42A3-9474-1A3956D46DE8}") = "1.4 - Windows Service", "1.4 - Windows Service", "{F9C0CF39-E1A0-41AA-AB44-0676F8B391B8}"
EndProject
Project("{2150E333-8FDC-42A3-9474-1A3956D46DE8}") = "1.3 - Utilities", "1.3 - Utilities", "{AD958D16-FD61-4CDF-A735-CD9B5E6FA5B0}"
EndProject
Project("{2150E333-8FDC-42A3-9474-1A3956D46DE8}") = "1.5 - Mobile Apps", "1.5 - Mobile Apps", "{6CC0B564-F8A4-4821-B993-2CD6D31C5F08}"
EndProject
Project("{2150E333-8FDC-42A3-9474-1A3956D46DE8}") = "5.1 - Data", "5.1 - Data", "{9B35A8EA-AECA-48A5-9D93-4F3A5EF6215F}"
EndProject
Project("{2150E333-8FDC-42A3-9474-1A3956D46DE8}") = "5.2 - Cross-cutting", "5.2 - Cross-cutting", "{CA037307-7B74-4D0B-B2AD-49055AEAD5A7}"
EndProject
Project("{2150E333-8FDC-42A3-9474-1A3956D46DE8}") = "4.1 - Seedwork", "4.1 - Seedwork", "{3E0FCB71-6155-409F-BECB-6660CCDCABE2}"
EndProject
Project("{2150E333-8FDC-42A3-9474-1A3956D46DE8}") = "4.2 - MainBoundedContext", "4.2 - MainBoundedContext", "{29A85304-5151-4EC0-BBDC-653899B52D17}"
EndProject
Project("{2150E333-8FDC-42A3-9474-1A3956D46DE8}") = "3.1 - Seedwork", "3.1 - Seedwork", "{1EFDD7BB-A16E-44F6-91F5-025C36CC7CE3}"
EndProject
Project("{2150E333-8FDC-42A3-9474-1A3956D46DE8}") = "2.1 - Seedwork", "2.1 - Seedwork", "{F7B3BAED-5676-439F-BE8A-A97F48F75A26}"
EndProject
Project("{2150E333-8FDC-42A3-9474-1A3956D46DE8}") = "2.2 - MainBoundedContext", "2.2 - MainBoundedContext", "{476A3C26-231A-4889-8FE2-43F4D288BABF}"
EndProject
Project("{2150E333-8FDC-42A3-9474-1A3956D46DE8}") = "3.2 - MainBoundedContext", "3.2 - MainBoundedContext", "{DA1E8980-92EC-4601-AA5C-07E250727340}"
EndProject
Project("{FAE04EC0-301F-11D3-BF4B-00C04F79EFBC}") = "DistributedServices.Seedwork", "DistributedServices.Seedwork\DistributedServices.Seedwork.csproj", "{06D5C3A8-452B-4BAC-AC7A-E36B343AB7DB}"
EndProject
Project("{FAE04EC0-301F-11D3-BF4B-00C04F79EFBC}") = "Infrastructure.Crosscutting.Framework", "Infrastructure.Crosscutting.Framework\Infrastructure.Crosscutting.Framework.csproj", "{E839A387-3A87-49A7-9039-D114D02F05B1}"
EndProject
Project("{FAE04EC0-301F-11D3-BF4B-00C04F79EFBC}") = "Infrastructure.Data.MainBoundedContext", "Infrastructure.Data.MainBoundedContext\Infrastructure.Data.MainBoundedContext.csproj", "{3167A4C1-44E6-499A-8FC7-682D875429F5}"
EndProject
Project("{FAE04EC0-301F-11D3-BF4B-00C04F79EFBC}") = "Domain.MainBoundedContext", "Domain.MainBoundedContext\Domain.MainBoundedContext.csproj", "{79FB572D-3BD9-4FED-99A3-56B42E22430B}"
EndProject
Project("{FAE04EC0-301F-11D3-BF4B-00C04F79EFBC}") = "Domain.Seedwork", "Domain.Seedwork\Domain.Seedwork.csproj", "{C477E3AE-850C-4681-B6C4-1A9928679CD4}"
EndProject
Project("{FAE04EC0-301F-11D3-BF4B-00C04F79EFBC}") = "Application.MainBoundedContext", "Application.MainBoundedContext\Application.MainBoundedContext.csproj", "{2EF2ACE9-B5DB-4B61-A6ED-66F976783689}"
EndProject
Project("{FAE04EC0-301F-11D3-BF4B-00C04F79EFBC}") = "Application.MainBoundedContext.DTO", "Application.MainBoundedContext.DTO\Application.MainBoundedContext.DTO.csproj", "{BC316B5E-4FB5-416D-A256-388E72FB14CC}"
EndProject
Project("{FAE04EC0-301F-11D3-BF4B-00C04F79EFBC}") = "Application.Seedwork", "Application.Seedwork\Application.Seedwork.csproj", "{97D7D298-0EA9-4AFF-BEF8-7B50B9339F80}"
EndProject
Project("{FAE04EC0-301F-11D3-BF4B-00C04F79EFBC}") = "SwiftFinancials.Presentation.Shared", "SwiftFinancials.Presentation.Shared\SwiftFinancials.Presentation.Shared.csproj", "{B1EA34BF-3885-466F-AACE-568AD3F24938}"
EndProject
Project("{FAE04EC0-301F-11D3-BF4B-00C04F79EFBC}") = "SwiftFinancials.Presentation.Contracts", "SwiftFinancials.Presentation.Contracts\SwiftFinancials.Presentation.Contracts.csproj", "{02619DC1-0A34-404D-9E52-82A9890377AB}"
EndProject
Project("{FAE04EC0-301F-11D3-BF4B-00C04F79EFBC}") = "SwiftFinancials.Presentation.Infrastructure", "SwiftFinancials.Presentation.Infrastructure\SwiftFinancials.Presentation.Infrastructure.csproj", "{DCFCA848-40EE-4F4E-A2D6-AA449C908CC5}"
EndProject
Project("{2150E333-8FDC-42A3-9474-1A3956D46DE8}") = "1.4.1 - Shell", "1.4.1 - Shell", "{83140B1B-214C-463A-8713-0456717DAD85}"
EndProject
Project("{2150E333-8FDC-42A3-9474-1A3956D46DE8}") = "1.4.2 - Plugins", "1.4.2 - Plugins", "{1BEF9562-BE48-4998-A480-53B6CF20FBB7}"
EndProject
Project("{2150E333-8FDC-42A3-9474-1A3956D46DE8}") = "Solution Items", "Solution Items", "{9F31FF1F-FBB3-4074-91E9-D6CF1E8D99A0}"
	ProjectSection(SolutionItems) = preProject
		.editorconfig = .editorconfig
		SharedAssemblyInfo.cs = SharedAssemblyInfo.cs
	EndProjectSection
EndProject
Project("{FAE04EC0-301F-11D3-BF4B-00C04F79EFBC}") = "EntityFramework.Implementation", "EntityFramework.Implementation\EntityFramework.Implementation.csproj", "{E8E97372-82E1-417A-9E23-11106AD1CA16}"
EndProject
Project("{FAE04EC0-301F-11D3-BF4B-00C04F79EFBC}") = "EntityFramework.Interfaces", "EntityFramework.Interfaces\EntityFramework.Interfaces.csproj", "{159A5AB3-4BC6-4379-A5B5-168D0CB783CD}"
EndProject
Project("{2150E333-8FDC-42A3-9474-1A3956D46DE8}") = "1.4.2.1 - Messaging", "1.4.2.1 - Messaging", "{90CA39EC-0735-4732-94FE-EE02F1CD59BF}"
EndProject
Project("{2150E333-8FDC-42A3-9474-1A3956D46DE8}") = "1.4.2.3 - Alternate Channels", "1.4.2.3 - Alternate Channels", "{EDD72AEC-4E7D-4010-A490-63E3B3B25346}"
EndProject
Project("{2150E333-8FDC-42A3-9474-1A3956D46DE8}") = "1.4.2.4 - Recurring Procedures", "1.4.2.4 - Recurring Procedures", "{AD41104C-9202-4E7E-90C5-E980B69A670B}"
EndProject
Project("{2150E333-8FDC-42A3-9474-1A3956D46DE8}") = "1.4.2.2 - Audit Logs", "1.4.2.2 - Audit Logs", "{CB89A966-C2D3-4896-9B78-08819AA44521}"
EndProject
Project("{2150E333-8FDC-42A3-9474-1A3956D46DE8}") = "1.5.1 - Seedwork", "1.5.1 - Seedwork", "{D8BFBF45-D80B-4E1B-A696-6219FF3AF39F}"
EndProject
Project("{FAE04EC0-301F-11D3-BF4B-00C04F79EFBC}") = "SwiftFinancials.AuditTrailDispatcher", "SwiftFinancials.AuditTrailDispatcher\SwiftFinancials.AuditTrailDispatcher.csproj", "{C0475A8C-9B80-487B-BA28-BFDB51FF20EE}"
EndProject
Project("{FAE04EC0-301F-11D3-BF4B-00C04F79EFBC}") = "SwiftFinancials.AuditLogDispatcher", "SwiftFinancials.AuditLogDispatcher\SwiftFinancials.AuditLogDispatcher.csproj", "{58F264DC-28B4-4882-AC95-95CDF04C959C}"
EndProject
Project("{FAE04EC0-301F-11D3-BF4B-00C04F79EFBC}") = "SwiftFinancials.InterestCapitalization", "SwiftFinancials.InterestCapitalization\SwiftFinancials.InterestCapitalization.csproj", "{479576DC-FDBA-4FA4-928F-77DD34A2AF4D}"
EndProject
Project("{FAE04EC0-301F-11D3-BF4B-00C04F79EFBC}") = "SwiftFinancials.GuarantorReleasing", "SwiftFinancials.GuarantorReleasing\SwiftFinancials.GuarantorReleasing.csproj", "{B3C449E0-5BCC-4EF1-8165-B761A99C171B}"
EndProject
Project("{FAE04EC0-301F-11D3-BF4B-00C04F79EFBC}") = "SwiftFinancials.InvestmentBalancesNormalizer", "SwiftFinancials.InvestmentBalancesNormalizer\SwiftFinancials.InvestmentBalancesNormalizer.csproj", "{D9A35814-9E5C-4E4A-98E6-AC0EB3401348}"
EndProject
Project("{FAE04EC0-301F-11D3-BF4B-00C04F79EFBC}") = "SwiftFinancials.StandingOrderInvoker", "SwiftFinancials.StandingOrderInvoker\SwiftFinancials.StandingOrderInvoker.csproj", "{A156A23E-091A-4735-BE60-5BB9F38E7559}"
EndProject
Project("{FAE04EC0-301F-11D3-BF4B-00C04F79EFBC}") = "SwiftFinancials.JournalReversalBatchPosting", "SwiftFinancials.JournalReversalPosting\SwiftFinancials.JournalReversalBatchPosting.csproj", "{BF6CED7D-633D-457E-B580-038CB6F3EDE4}"
EndProject
Project("{FAE04EC0-301F-11D3-BF4B-00C04F79EFBC}") = "SwiftFinancials.eStatementInvoker", "SwiftFinancials.eStatementInvoker\SwiftFinancials.eStatementInvoker.csproj", "{95E10A27-C4AB-49A6-8666-DDA898DE70F8}"
EndProject
Project("{FAE04EC0-301F-11D3-BF4B-00C04F79EFBC}") = "SwiftFinancials.FixedDepositLiquidationInvoker", "SwiftFinancials.FixedDepositLiquidationInvoker\SwiftFinancials.FixedDepositLiquidationInvoker.csproj", "{5D0B863E-1593-4B29-AFB9-8FE67A248F3C}"
EndProject
Project("{FAE04EC0-301F-11D3-BF4B-00C04F79EFBC}") = "SwiftFinancials.LoanDisbursementBatchPosting", "SwiftFinancials.LoanDisbursementPosting\SwiftFinancials.LoanDisbursementBatchPosting.csproj", "{841ADBCB-2D7E-4F39-B670-D790D16C2D3D}"
EndProject
Project("{FAE04EC0-301F-11D3-BF4B-00C04F79EFBC}") = "SwiftFinancials.SavingsProductLedgerFeeProcessor", "SwiftFinancials.SavingsProductLedgerFeeProcessor\SwiftFinancials.SavingsProductLedgerFeeProcessor.csproj", "{7BE7609D-528E-4772-A3A0-CD2255F6B3CE}"
EndProject
Project("{FAE04EC0-301F-11D3-BF4B-00C04F79EFBC}") = "SwiftFinancials.RecurringBatchPosting", "SwiftFinancials.RecurringBatchPosting\SwiftFinancials.RecurringBatchPosting.csproj", "{940A1F56-DA0F-444A-B3B9-B15C22626286}"
EndProject
Project("{FAE04EC0-301F-11D3-BF4B-00C04F79EFBC}") = "SwiftFinancials.DebitBatchPosting", "SwiftFinancials.DebitBatchPosting\SwiftFinancials.DebitBatchPosting.csproj", "{0099BE5D-AD72-4FF4-BAE8-D05379A7F5AB}"
EndProject
Project("{FAE04EC0-301F-11D3-BF4B-00C04F79EFBC}") = "SwiftFinancials.CreditBatchPosting", "SwiftFinancials.CreditBatchPosting\SwiftFinancials.CreditBatchPosting.csproj", "{361033F6-C588-4490-880D-30AD96E140C8}"
EndProject
Project("{FAE04EC0-301F-11D3-BF4B-00C04F79EFBC}") = "SwiftFinancials.ArrearsRecovery", "SwiftFinancials.ArrearsRecovery\SwiftFinancials.ArrearsRecovery.csproj", "{EFA1015E-B838-464D-ACB3-7D590127CE1D}"
EndProject
Project("{FAE04EC0-301F-11D3-BF4B-00C04F79EFBC}") = "SwiftFinancials.BankToMobileHostInterface", "SwiftFinancials.BankToMobileHostInterface\SwiftFinancials.BankToMobileHostInterface.csproj", "{2522FD54-60A6-4C39-94FD-582ACAC4C6BF}"
EndProject
Project("{FAE04EC0-301F-11D3-BF4B-00C04F79EFBC}") = "SwiftFinancials.MobileToBankHostInterface", "SwiftFinancials.MobileToBankHostInterface\SwiftFinancials.MobileToBankHostInterface.csproj", "{69D17CAC-C357-44DF-BB00-DC8B917055CB}"
EndProject
Project("{FAE04EC0-301F-11D3-BF4B-00C04F79EFBC}") = "SwiftFinancials.MobileWalletHostInterface", "SwiftFinancials.MobileWalletHostInterface\SwiftFinancials.MobileWalletHostInterface.csproj", "{A3AE0C19-04C4-449D-982D-77C7B2E1054E}"
EndProject
Project("{FAE04EC0-301F-11D3-BF4B-00C04F79EFBC}") = "DistributedServices.MainBoundedContext", "DistributedServices.MainBoundedContext\DistributedServices.MainBoundedContext.csproj", "{054DA3E1-DAAD-4DF5-95B7-0FC9096BEC39}"
EndProject
Project("{00D1A9C2-B5F0-4AF3-8072-F6C62B433612}") = "Infrastructure.Data.SQLCLR", "Infrastructure.Data.SQLCLR\Infrastructure.Data.SQLCLR.sqlproj", "{9B3D8F65-C423-4E66-A96B-856BCF48665C}"
EndProject
Project("{FAE04EC0-301F-11D3-BF4B-00C04F79EFBC}") = "SwiftFinancials.Utility", "SwiftFinancials.Utility\SwiftFinancials.Utility.csproj", "{617AAD11-F940-4B14-878B-6D776B6FE0B4}"
	ProjectSection(ProjectDependencies) = postProject
		{B1EA34BF-3885-466F-AACE-568AD3F24938} = {B1EA34BF-3885-466F-AACE-568AD3F24938}
		{02619DC1-0A34-404D-9E52-82A9890377AB} = {02619DC1-0A34-404D-9E52-82A9890377AB}
	EndProjectSection
EndProject
Project("{FAE04EC0-301F-11D3-BF4B-00C04F79EFBC}") = "SwiftFinancials.Web", "SwiftFinancials.Web\SwiftFinancials.Web.csproj", "{E9BEDB8F-11E6-432C-A20E-ECA46E25ACD8}"
EndProject
Project("{FAE04EC0-301F-11D3-BF4B-00C04F79EFBC}") = "SwiftFinancials.AccountAlertDispatcher", "SwiftFinancials.AccountAlertDispatcher\SwiftFinancials.AccountAlertDispatcher.csproj", "{3EF92022-05AD-4123-95E1-1AFBFF7D149D}"
EndProject
Project("{FAE04EC0-301F-11D3-BF4B-00C04F79EFBC}") = "SwiftFinancials.EmailAlertDispatcher", "SwiftFinancials.EmailAlertDispatcher\SwiftFinancials.EmailAlertDispatcher.csproj", "{5C97F213-E630-4919-B164-0BAD8C284E9D}"
EndProject
Project("{FAE04EC0-301F-11D3-BF4B-00C04F79EFBC}") = "SwiftFinancials.TextAlertDispatcher.Celcom", "SwiftFinancials.TextAlertDispatcher\SwiftFinancials.TextAlertDispatcher.Celcom.csproj", "{660BAE5C-4432-4B7C-8CB0-E860B8B3465D}"
EndProject
Project("{FAE04EC0-301F-11D3-BF4B-00C04F79EFBC}") = "SwiftFinancials.WindowsService", "SwiftFinancials.WindowsService\SwiftFinancials.WindowsService.csproj", "{2FB8EA4C-6D83-44FB-B1D7-39086AD3071B}"
EndProject
Project("{FAE04EC0-301F-11D3-BF4B-00C04F79EFBC}") = "SwiftFinancials.SalaryPeriodPosting", "SwiftFinancials.SalaryPeriodPosting\SwiftFinancials.SalaryPeriodPosting.csproj", "{07C5919F-FA4B-49AD-933F-7A47F8C9BA11}"
EndProject
Project("{F14B399A-7131-4C87-9E4B-1186C45EF12D}") = "SwiftFinancials.Reporting", "Report Project1\SwiftFinancials.Reporting.rptproj", "{A31A51FF-C27A-4881-91D8-8C962BD23535}"
EndProject
Project("{2150E333-8FDC-42A3-9474-1A3956D46DE8}") = "1.6 - Reporting", "1.6 - Reporting", "{46E9CAB3-91A9-4224-852E-08447AD1F78D}"
EndProject
Project("{FAE04EC0-301F-11D3-BF4B-00C04F79EFBC}") = "SwiftFinancials.Apis", "SwiftFinancials.Apis\SwiftFinancials.Apis.csproj", "{7F428B8E-7E21-493A-9B95-985A81A72ECE}"
EndProject
Project("{FAE04EC0-301F-11D3-BF4B-00C04F79EFBC}") = "SwiftFinancials.WebApi", "SwiftFinancilas.WebApi\SwiftFinancials.WebApi.csproj", "{F156BEC9-E542-4D0E-9492-34FB840E59F1}"
EndProject
Global
	GlobalSection(SolutionConfigurationPlatforms) = preSolution
		Debug|Any CPU = Debug|Any CPU
		DebugLocal|Any CPU = DebugLocal|Any CPU
		Release|Any CPU = Release|Any CPU
	EndGlobalSection
	GlobalSection(ProjectConfigurationPlatforms) = postSolution
		{06D5C3A8-452B-4BAC-AC7A-E36B343AB7DB}.Debug|Any CPU.ActiveCfg = Debug|Any CPU
		{06D5C3A8-452B-4BAC-AC7A-E36B343AB7DB}.Debug|Any CPU.Build.0 = Debug|Any CPU
		{06D5C3A8-452B-4BAC-AC7A-E36B343AB7DB}.DebugLocal|Any CPU.ActiveCfg = Debug|Any CPU
		{06D5C3A8-452B-4BAC-AC7A-E36B343AB7DB}.DebugLocal|Any CPU.Build.0 = Debug|Any CPU
		{06D5C3A8-452B-4BAC-AC7A-E36B343AB7DB}.Release|Any CPU.ActiveCfg = Release|Any CPU
		{06D5C3A8-452B-4BAC-AC7A-E36B343AB7DB}.Release|Any CPU.Build.0 = Release|Any CPU
		{E839A387-3A87-49A7-9039-D114D02F05B1}.Debug|Any CPU.ActiveCfg = Debug|Any CPU
		{E839A387-3A87-49A7-9039-D114D02F05B1}.Debug|Any CPU.Build.0 = Debug|Any CPU
		{E839A387-3A87-49A7-9039-D114D02F05B1}.DebugLocal|Any CPU.ActiveCfg = Debug|Any CPU
		{E839A387-3A87-49A7-9039-D114D02F05B1}.DebugLocal|Any CPU.Build.0 = Debug|Any CPU
		{E839A387-3A87-49A7-9039-D114D02F05B1}.Release|Any CPU.ActiveCfg = Release|Any CPU
		{E839A387-3A87-49A7-9039-D114D02F05B1}.Release|Any CPU.Build.0 = Release|Any CPU
		{3167A4C1-44E6-499A-8FC7-682D875429F5}.Debug|Any CPU.ActiveCfg = Debug|Any CPU
		{3167A4C1-44E6-499A-8FC7-682D875429F5}.Debug|Any CPU.Build.0 = Debug|Any CPU
		{3167A4C1-44E6-499A-8FC7-682D875429F5}.DebugLocal|Any CPU.ActiveCfg = Debug|Any CPU
		{3167A4C1-44E6-499A-8FC7-682D875429F5}.DebugLocal|Any CPU.Build.0 = Debug|Any CPU
		{3167A4C1-44E6-499A-8FC7-682D875429F5}.Release|Any CPU.ActiveCfg = Release|Any CPU
		{3167A4C1-44E6-499A-8FC7-682D875429F5}.Release|Any CPU.Build.0 = Release|Any CPU
		{79FB572D-3BD9-4FED-99A3-56B42E22430B}.Debug|Any CPU.ActiveCfg = Debug|Any CPU
		{79FB572D-3BD9-4FED-99A3-56B42E22430B}.Debug|Any CPU.Build.0 = Debug|Any CPU
		{79FB572D-3BD9-4FED-99A3-56B42E22430B}.DebugLocal|Any CPU.ActiveCfg = Debug|Any CPU
		{79FB572D-3BD9-4FED-99A3-56B42E22430B}.DebugLocal|Any CPU.Build.0 = Debug|Any CPU
		{79FB572D-3BD9-4FED-99A3-56B42E22430B}.Release|Any CPU.ActiveCfg = Release|Any CPU
		{79FB572D-3BD9-4FED-99A3-56B42E22430B}.Release|Any CPU.Build.0 = Release|Any CPU
		{C477E3AE-850C-4681-B6C4-1A9928679CD4}.Debug|Any CPU.ActiveCfg = Debug|Any CPU
		{C477E3AE-850C-4681-B6C4-1A9928679CD4}.Debug|Any CPU.Build.0 = Debug|Any CPU
		{C477E3AE-850C-4681-B6C4-1A9928679CD4}.DebugLocal|Any CPU.ActiveCfg = Debug|Any CPU
		{C477E3AE-850C-4681-B6C4-1A9928679CD4}.DebugLocal|Any CPU.Build.0 = Debug|Any CPU
		{C477E3AE-850C-4681-B6C4-1A9928679CD4}.Release|Any CPU.ActiveCfg = Release|Any CPU
		{C477E3AE-850C-4681-B6C4-1A9928679CD4}.Release|Any CPU.Build.0 = Release|Any CPU
		{2EF2ACE9-B5DB-4B61-A6ED-66F976783689}.Debug|Any CPU.ActiveCfg = Debug|Any CPU
		{2EF2ACE9-B5DB-4B61-A6ED-66F976783689}.Debug|Any CPU.Build.0 = Debug|Any CPU
		{2EF2ACE9-B5DB-4B61-A6ED-66F976783689}.DebugLocal|Any CPU.ActiveCfg = Debug|Any CPU
		{2EF2ACE9-B5DB-4B61-A6ED-66F976783689}.DebugLocal|Any CPU.Build.0 = Debug|Any CPU
		{2EF2ACE9-B5DB-4B61-A6ED-66F976783689}.Release|Any CPU.ActiveCfg = Release|Any CPU
		{2EF2ACE9-B5DB-4B61-A6ED-66F976783689}.Release|Any CPU.Build.0 = Release|Any CPU
		{BC316B5E-4FB5-416D-A256-388E72FB14CC}.Debug|Any CPU.ActiveCfg = Debug|Any CPU
		{BC316B5E-4FB5-416D-A256-388E72FB14CC}.Debug|Any CPU.Build.0 = Debug|Any CPU
		{BC316B5E-4FB5-416D-A256-388E72FB14CC}.DebugLocal|Any CPU.ActiveCfg = Debug|Any CPU
		{BC316B5E-4FB5-416D-A256-388E72FB14CC}.DebugLocal|Any CPU.Build.0 = Debug|Any CPU
		{BC316B5E-4FB5-416D-A256-388E72FB14CC}.Release|Any CPU.ActiveCfg = Release|Any CPU
		{BC316B5E-4FB5-416D-A256-388E72FB14CC}.Release|Any CPU.Build.0 = Release|Any CPU
		{97D7D298-0EA9-4AFF-BEF8-7B50B9339F80}.Debug|Any CPU.ActiveCfg = Debug|Any CPU
		{97D7D298-0EA9-4AFF-BEF8-7B50B9339F80}.Debug|Any CPU.Build.0 = Debug|Any CPU
		{97D7D298-0EA9-4AFF-BEF8-7B50B9339F80}.DebugLocal|Any CPU.ActiveCfg = Debug|Any CPU
		{97D7D298-0EA9-4AFF-BEF8-7B50B9339F80}.DebugLocal|Any CPU.Build.0 = Debug|Any CPU
		{97D7D298-0EA9-4AFF-BEF8-7B50B9339F80}.Release|Any CPU.ActiveCfg = Release|Any CPU
		{97D7D298-0EA9-4AFF-BEF8-7B50B9339F80}.Release|Any CPU.Build.0 = Release|Any CPU
		{B1EA34BF-3885-466F-AACE-568AD3F24938}.Debug|Any CPU.ActiveCfg = Debug|Any CPU
		{B1EA34BF-3885-466F-AACE-568AD3F24938}.Debug|Any CPU.Build.0 = Debug|Any CPU
		{B1EA34BF-3885-466F-AACE-568AD3F24938}.DebugLocal|Any CPU.ActiveCfg = Debug|Any CPU
		{B1EA34BF-3885-466F-AACE-568AD3F24938}.DebugLocal|Any CPU.Build.0 = Debug|Any CPU
		{B1EA34BF-3885-466F-AACE-568AD3F24938}.Release|Any CPU.ActiveCfg = Release|Any CPU
		{B1EA34BF-3885-466F-AACE-568AD3F24938}.Release|Any CPU.Build.0 = Release|Any CPU
		{02619DC1-0A34-404D-9E52-82A9890377AB}.Debug|Any CPU.ActiveCfg = Debug|Any CPU
		{02619DC1-0A34-404D-9E52-82A9890377AB}.Debug|Any CPU.Build.0 = Debug|Any CPU
		{02619DC1-0A34-404D-9E52-82A9890377AB}.DebugLocal|Any CPU.ActiveCfg = Debug|Any CPU
		{02619DC1-0A34-404D-9E52-82A9890377AB}.DebugLocal|Any CPU.Build.0 = Debug|Any CPU
		{02619DC1-0A34-404D-9E52-82A9890377AB}.Release|Any CPU.ActiveCfg = Release|Any CPU
		{02619DC1-0A34-404D-9E52-82A9890377AB}.Release|Any CPU.Build.0 = Release|Any CPU
		{DCFCA848-40EE-4F4E-A2D6-AA449C908CC5}.Debug|Any CPU.ActiveCfg = Debug|Any CPU
		{DCFCA848-40EE-4F4E-A2D6-AA449C908CC5}.Debug|Any CPU.Build.0 = Debug|Any CPU
		{DCFCA848-40EE-4F4E-A2D6-AA449C908CC5}.DebugLocal|Any CPU.ActiveCfg = Debug|Any CPU
		{DCFCA848-40EE-4F4E-A2D6-AA449C908CC5}.DebugLocal|Any CPU.Build.0 = Debug|Any CPU
		{DCFCA848-40EE-4F4E-A2D6-AA449C908CC5}.Release|Any CPU.ActiveCfg = Release|Any CPU
		{DCFCA848-40EE-4F4E-A2D6-AA449C908CC5}.Release|Any CPU.Build.0 = Release|Any CPU
		{E8E97372-82E1-417A-9E23-11106AD1CA16}.Debug|Any CPU.ActiveCfg = Debug|Any CPU
		{E8E97372-82E1-417A-9E23-11106AD1CA16}.Debug|Any CPU.Build.0 = Debug|Any CPU
		{E8E97372-82E1-417A-9E23-11106AD1CA16}.DebugLocal|Any CPU.ActiveCfg = Debug|Any CPU
		{E8E97372-82E1-417A-9E23-11106AD1CA16}.DebugLocal|Any CPU.Build.0 = Debug|Any CPU
		{E8E97372-82E1-417A-9E23-11106AD1CA16}.Release|Any CPU.ActiveCfg = Release|Any CPU
		{E8E97372-82E1-417A-9E23-11106AD1CA16}.Release|Any CPU.Build.0 = Release|Any CPU
		{159A5AB3-4BC6-4379-A5B5-168D0CB783CD}.Debug|Any CPU.ActiveCfg = Debug|Any CPU
		{159A5AB3-4BC6-4379-A5B5-168D0CB783CD}.Debug|Any CPU.Build.0 = Debug|Any CPU
		{159A5AB3-4BC6-4379-A5B5-168D0CB783CD}.DebugLocal|Any CPU.ActiveCfg = Debug|Any CPU
		{159A5AB3-4BC6-4379-A5B5-168D0CB783CD}.DebugLocal|Any CPU.Build.0 = Debug|Any CPU
		{159A5AB3-4BC6-4379-A5B5-168D0CB783CD}.Release|Any CPU.ActiveCfg = Release|Any CPU
		{159A5AB3-4BC6-4379-A5B5-168D0CB783CD}.Release|Any CPU.Build.0 = Release|Any CPU
		{C0475A8C-9B80-487B-BA28-BFDB51FF20EE}.Debug|Any CPU.ActiveCfg = Debug|Any CPU
		{C0475A8C-9B80-487B-BA28-BFDB51FF20EE}.Debug|Any CPU.Build.0 = Debug|Any CPU
		{C0475A8C-9B80-487B-BA28-BFDB51FF20EE}.DebugLocal|Any CPU.ActiveCfg = Debug|Any CPU
		{C0475A8C-9B80-487B-BA28-BFDB51FF20EE}.DebugLocal|Any CPU.Build.0 = Debug|Any CPU
		{C0475A8C-9B80-487B-BA28-BFDB51FF20EE}.Release|Any CPU.ActiveCfg = Release|Any CPU
		{C0475A8C-9B80-487B-BA28-BFDB51FF20EE}.Release|Any CPU.Build.0 = Release|Any CPU
		{58F264DC-28B4-4882-AC95-95CDF04C959C}.Debug|Any CPU.ActiveCfg = Debug|Any CPU
		{58F264DC-28B4-4882-AC95-95CDF04C959C}.Debug|Any CPU.Build.0 = Debug|Any CPU
		{58F264DC-28B4-4882-AC95-95CDF04C959C}.DebugLocal|Any CPU.ActiveCfg = Debug|Any CPU
		{58F264DC-28B4-4882-AC95-95CDF04C959C}.DebugLocal|Any CPU.Build.0 = Debug|Any CPU
		{58F264DC-28B4-4882-AC95-95CDF04C959C}.Release|Any CPU.ActiveCfg = Release|Any CPU
		{58F264DC-28B4-4882-AC95-95CDF04C959C}.Release|Any CPU.Build.0 = Release|Any CPU
		{479576DC-FDBA-4FA4-928F-77DD34A2AF4D}.Debug|Any CPU.ActiveCfg = Debug|Any CPU
		{479576DC-FDBA-4FA4-928F-77DD34A2AF4D}.Debug|Any CPU.Build.0 = Debug|Any CPU
		{479576DC-FDBA-4FA4-928F-77DD34A2AF4D}.DebugLocal|Any CPU.ActiveCfg = Debug|Any CPU
		{479576DC-FDBA-4FA4-928F-77DD34A2AF4D}.DebugLocal|Any CPU.Build.0 = Debug|Any CPU
		{479576DC-FDBA-4FA4-928F-77DD34A2AF4D}.Release|Any CPU.ActiveCfg = Release|Any CPU
		{479576DC-FDBA-4FA4-928F-77DD34A2AF4D}.Release|Any CPU.Build.0 = Release|Any CPU
		{B3C449E0-5BCC-4EF1-8165-B761A99C171B}.Debug|Any CPU.ActiveCfg = Debug|Any CPU
		{B3C449E0-5BCC-4EF1-8165-B761A99C171B}.Debug|Any CPU.Build.0 = Debug|Any CPU
		{B3C449E0-5BCC-4EF1-8165-B761A99C171B}.DebugLocal|Any CPU.ActiveCfg = Debug|Any CPU
		{B3C449E0-5BCC-4EF1-8165-B761A99C171B}.DebugLocal|Any CPU.Build.0 = Debug|Any CPU
		{B3C449E0-5BCC-4EF1-8165-B761A99C171B}.Release|Any CPU.ActiveCfg = Release|Any CPU
		{B3C449E0-5BCC-4EF1-8165-B761A99C171B}.Release|Any CPU.Build.0 = Release|Any CPU
		{D9A35814-9E5C-4E4A-98E6-AC0EB3401348}.Debug|Any CPU.ActiveCfg = Debug|Any CPU
		{D9A35814-9E5C-4E4A-98E6-AC0EB3401348}.Debug|Any CPU.Build.0 = Debug|Any CPU
		{D9A35814-9E5C-4E4A-98E6-AC0EB3401348}.DebugLocal|Any CPU.ActiveCfg = Debug|Any CPU
		{D9A35814-9E5C-4E4A-98E6-AC0EB3401348}.DebugLocal|Any CPU.Build.0 = Debug|Any CPU
		{D9A35814-9E5C-4E4A-98E6-AC0EB3401348}.Release|Any CPU.ActiveCfg = Release|Any CPU
		{D9A35814-9E5C-4E4A-98E6-AC0EB3401348}.Release|Any CPU.Build.0 = Release|Any CPU
		{A156A23E-091A-4735-BE60-5BB9F38E7559}.Debug|Any CPU.ActiveCfg = Debug|Any CPU
		{A156A23E-091A-4735-BE60-5BB9F38E7559}.Debug|Any CPU.Build.0 = Debug|Any CPU
		{A156A23E-091A-4735-BE60-5BB9F38E7559}.DebugLocal|Any CPU.ActiveCfg = Debug|Any CPU
		{A156A23E-091A-4735-BE60-5BB9F38E7559}.DebugLocal|Any CPU.Build.0 = Debug|Any CPU
		{A156A23E-091A-4735-BE60-5BB9F38E7559}.Release|Any CPU.ActiveCfg = Release|Any CPU
		{A156A23E-091A-4735-BE60-5BB9F38E7559}.Release|Any CPU.Build.0 = Release|Any CPU
		{BF6CED7D-633D-457E-B580-038CB6F3EDE4}.Debug|Any CPU.ActiveCfg = Debug|Any CPU
		{BF6CED7D-633D-457E-B580-038CB6F3EDE4}.Debug|Any CPU.Build.0 = Debug|Any CPU
		{BF6CED7D-633D-457E-B580-038CB6F3EDE4}.DebugLocal|Any CPU.ActiveCfg = Debug|Any CPU
		{BF6CED7D-633D-457E-B580-038CB6F3EDE4}.DebugLocal|Any CPU.Build.0 = Debug|Any CPU
		{BF6CED7D-633D-457E-B580-038CB6F3EDE4}.Release|Any CPU.ActiveCfg = Release|Any CPU
		{BF6CED7D-633D-457E-B580-038CB6F3EDE4}.Release|Any CPU.Build.0 = Release|Any CPU
		{95E10A27-C4AB-49A6-8666-DDA898DE70F8}.Debug|Any CPU.ActiveCfg = Debug|Any CPU
		{95E10A27-C4AB-49A6-8666-DDA898DE70F8}.Debug|Any CPU.Build.0 = Debug|Any CPU
		{95E10A27-C4AB-49A6-8666-DDA898DE70F8}.DebugLocal|Any CPU.ActiveCfg = Debug|Any CPU
		{95E10A27-C4AB-49A6-8666-DDA898DE70F8}.DebugLocal|Any CPU.Build.0 = Debug|Any CPU
		{95E10A27-C4AB-49A6-8666-DDA898DE70F8}.Release|Any CPU.ActiveCfg = Release|Any CPU
		{95E10A27-C4AB-49A6-8666-DDA898DE70F8}.Release|Any CPU.Build.0 = Release|Any CPU
		{5D0B863E-1593-4B29-AFB9-8FE67A248F3C}.Debug|Any CPU.ActiveCfg = Debug|Any CPU
		{5D0B863E-1593-4B29-AFB9-8FE67A248F3C}.Debug|Any CPU.Build.0 = Debug|Any CPU
		{5D0B863E-1593-4B29-AFB9-8FE67A248F3C}.DebugLocal|Any CPU.ActiveCfg = Debug|Any CPU
		{5D0B863E-1593-4B29-AFB9-8FE67A248F3C}.DebugLocal|Any CPU.Build.0 = Debug|Any CPU
		{5D0B863E-1593-4B29-AFB9-8FE67A248F3C}.Release|Any CPU.ActiveCfg = Release|Any CPU
		{5D0B863E-1593-4B29-AFB9-8FE67A248F3C}.Release|Any CPU.Build.0 = Release|Any CPU
		{841ADBCB-2D7E-4F39-B670-D790D16C2D3D}.Debug|Any CPU.ActiveCfg = Debug|Any CPU
		{841ADBCB-2D7E-4F39-B670-D790D16C2D3D}.Debug|Any CPU.Build.0 = Debug|Any CPU
		{841ADBCB-2D7E-4F39-B670-D790D16C2D3D}.DebugLocal|Any CPU.ActiveCfg = Debug|Any CPU
		{841ADBCB-2D7E-4F39-B670-D790D16C2D3D}.DebugLocal|Any CPU.Build.0 = Debug|Any CPU
		{841ADBCB-2D7E-4F39-B670-D790D16C2D3D}.Release|Any CPU.ActiveCfg = Release|Any CPU
		{841ADBCB-2D7E-4F39-B670-D790D16C2D3D}.Release|Any CPU.Build.0 = Release|Any CPU
		{7BE7609D-528E-4772-A3A0-CD2255F6B3CE}.Debug|Any CPU.ActiveCfg = Debug|Any CPU
		{7BE7609D-528E-4772-A3A0-CD2255F6B3CE}.Debug|Any CPU.Build.0 = Debug|Any CPU
		{7BE7609D-528E-4772-A3A0-CD2255F6B3CE}.DebugLocal|Any CPU.ActiveCfg = Debug|Any CPU
		{7BE7609D-528E-4772-A3A0-CD2255F6B3CE}.DebugLocal|Any CPU.Build.0 = Debug|Any CPU
		{7BE7609D-528E-4772-A3A0-CD2255F6B3CE}.Release|Any CPU.ActiveCfg = Release|Any CPU
		{7BE7609D-528E-4772-A3A0-CD2255F6B3CE}.Release|Any CPU.Build.0 = Release|Any CPU
		{940A1F56-DA0F-444A-B3B9-B15C22626286}.Debug|Any CPU.ActiveCfg = Debug|Any CPU
		{940A1F56-DA0F-444A-B3B9-B15C22626286}.Debug|Any CPU.Build.0 = Debug|Any CPU
		{940A1F56-DA0F-444A-B3B9-B15C22626286}.DebugLocal|Any CPU.ActiveCfg = Debug|Any CPU
		{940A1F56-DA0F-444A-B3B9-B15C22626286}.Release|Any CPU.ActiveCfg = Release|Any CPU
		{940A1F56-DA0F-444A-B3B9-B15C22626286}.Release|Any CPU.Build.0 = Release|Any CPU
		{0099BE5D-AD72-4FF4-BAE8-D05379A7F5AB}.Debug|Any CPU.ActiveCfg = Debug|Any CPU
		{0099BE5D-AD72-4FF4-BAE8-D05379A7F5AB}.Debug|Any CPU.Build.0 = Debug|Any CPU
		{0099BE5D-AD72-4FF4-BAE8-D05379A7F5AB}.DebugLocal|Any CPU.ActiveCfg = Debug|Any CPU
		{0099BE5D-AD72-4FF4-BAE8-D05379A7F5AB}.DebugLocal|Any CPU.Build.0 = Debug|Any CPU
		{0099BE5D-AD72-4FF4-BAE8-D05379A7F5AB}.Release|Any CPU.ActiveCfg = Release|Any CPU
		{0099BE5D-AD72-4FF4-BAE8-D05379A7F5AB}.Release|Any CPU.Build.0 = Release|Any CPU
		{361033F6-C588-4490-880D-30AD96E140C8}.Debug|Any CPU.ActiveCfg = Debug|Any CPU
		{361033F6-C588-4490-880D-30AD96E140C8}.Debug|Any CPU.Build.0 = Debug|Any CPU
		{361033F6-C588-4490-880D-30AD96E140C8}.DebugLocal|Any CPU.ActiveCfg = Debug|Any CPU
		{361033F6-C588-4490-880D-30AD96E140C8}.DebugLocal|Any CPU.Build.0 = Debug|Any CPU
		{361033F6-C588-4490-880D-30AD96E140C8}.Release|Any CPU.ActiveCfg = Release|Any CPU
		{361033F6-C588-4490-880D-30AD96E140C8}.Release|Any CPU.Build.0 = Release|Any CPU
		{EFA1015E-B838-464D-ACB3-7D590127CE1D}.Debug|Any CPU.ActiveCfg = Debug|Any CPU
		{EFA1015E-B838-464D-ACB3-7D590127CE1D}.Debug|Any CPU.Build.0 = Debug|Any CPU
		{EFA1015E-B838-464D-ACB3-7D590127CE1D}.DebugLocal|Any CPU.ActiveCfg = Debug|Any CPU
		{EFA1015E-B838-464D-ACB3-7D590127CE1D}.DebugLocal|Any CPU.Build.0 = Debug|Any CPU
		{EFA1015E-B838-464D-ACB3-7D590127CE1D}.Release|Any CPU.ActiveCfg = Release|Any CPU
		{EFA1015E-B838-464D-ACB3-7D590127CE1D}.Release|Any CPU.Build.0 = Release|Any CPU
		{2522FD54-60A6-4C39-94FD-582ACAC4C6BF}.Debug|Any CPU.ActiveCfg = Debug|Any CPU
		{2522FD54-60A6-4C39-94FD-582ACAC4C6BF}.Debug|Any CPU.Build.0 = Debug|Any CPU
		{2522FD54-60A6-4C39-94FD-582ACAC4C6BF}.DebugLocal|Any CPU.ActiveCfg = Debug|Any CPU
		{2522FD54-60A6-4C39-94FD-582ACAC4C6BF}.DebugLocal|Any CPU.Build.0 = Debug|Any CPU
		{2522FD54-60A6-4C39-94FD-582ACAC4C6BF}.Release|Any CPU.ActiveCfg = Release|Any CPU
		{2522FD54-60A6-4C39-94FD-582ACAC4C6BF}.Release|Any CPU.Build.0 = Release|Any CPU
		{69D17CAC-C357-44DF-BB00-DC8B917055CB}.Debug|Any CPU.ActiveCfg = Debug|Any CPU
		{69D17CAC-C357-44DF-BB00-DC8B917055CB}.Debug|Any CPU.Build.0 = Debug|Any CPU
		{69D17CAC-C357-44DF-BB00-DC8B917055CB}.DebugLocal|Any CPU.ActiveCfg = Debug|Any CPU
		{69D17CAC-C357-44DF-BB00-DC8B917055CB}.DebugLocal|Any CPU.Build.0 = Debug|Any CPU
		{69D17CAC-C357-44DF-BB00-DC8B917055CB}.Release|Any CPU.ActiveCfg = Release|Any CPU
		{69D17CAC-C357-44DF-BB00-DC8B917055CB}.Release|Any CPU.Build.0 = Release|Any CPU
		{A3AE0C19-04C4-449D-982D-77C7B2E1054E}.Debug|Any CPU.ActiveCfg = Debug|Any CPU
		{A3AE0C19-04C4-449D-982D-77C7B2E1054E}.Debug|Any CPU.Build.0 = Debug|Any CPU
		{A3AE0C19-04C4-449D-982D-77C7B2E1054E}.DebugLocal|Any CPU.ActiveCfg = Debug|Any CPU
		{A3AE0C19-04C4-449D-982D-77C7B2E1054E}.DebugLocal|Any CPU.Build.0 = Debug|Any CPU
		{A3AE0C19-04C4-449D-982D-77C7B2E1054E}.Release|Any CPU.ActiveCfg = Release|Any CPU
		{A3AE0C19-04C4-449D-982D-77C7B2E1054E}.Release|Any CPU.Build.0 = Release|Any CPU
		{054DA3E1-DAAD-4DF5-95B7-0FC9096BEC39}.Debug|Any CPU.ActiveCfg = Debug|Any CPU
		{054DA3E1-DAAD-4DF5-95B7-0FC9096BEC39}.Debug|Any CPU.Build.0 = Debug|Any CPU
		{054DA3E1-DAAD-4DF5-95B7-0FC9096BEC39}.DebugLocal|Any CPU.ActiveCfg = Debug|Any CPU
		{054DA3E1-DAAD-4DF5-95B7-0FC9096BEC39}.DebugLocal|Any CPU.Build.0 = Debug|Any CPU
		{054DA3E1-DAAD-4DF5-95B7-0FC9096BEC39}.Release|Any CPU.ActiveCfg = Release|Any CPU
		{054DA3E1-DAAD-4DF5-95B7-0FC9096BEC39}.Release|Any CPU.Build.0 = Release|Any CPU
		{9B3D8F65-C423-4E66-A96B-856BCF48665C}.Debug|Any CPU.ActiveCfg = Debug|Any CPU
		{9B3D8F65-C423-4E66-A96B-856BCF48665C}.Debug|Any CPU.Build.0 = Debug|Any CPU
		{9B3D8F65-C423-4E66-A96B-856BCF48665C}.Debug|Any CPU.Deploy.0 = Debug|Any CPU
		{9B3D8F65-C423-4E66-A96B-856BCF48665C}.DebugLocal|Any CPU.ActiveCfg = Debug|Any CPU
		{9B3D8F65-C423-4E66-A96B-856BCF48665C}.DebugLocal|Any CPU.Build.0 = Debug|Any CPU
		{9B3D8F65-C423-4E66-A96B-856BCF48665C}.DebugLocal|Any CPU.Deploy.0 = Debug|Any CPU
		{9B3D8F65-C423-4E66-A96B-856BCF48665C}.Release|Any CPU.ActiveCfg = Release|Any CPU
		{9B3D8F65-C423-4E66-A96B-856BCF48665C}.Release|Any CPU.Build.0 = Release|Any CPU
		{9B3D8F65-C423-4E66-A96B-856BCF48665C}.Release|Any CPU.Deploy.0 = Release|Any CPU
		{617AAD11-F940-4B14-878B-6D776B6FE0B4}.Debug|Any CPU.ActiveCfg = Debug|Any CPU
		{617AAD11-F940-4B14-878B-6D776B6FE0B4}.Debug|Any CPU.Build.0 = Debug|Any CPU
		{617AAD11-F940-4B14-878B-6D776B6FE0B4}.DebugLocal|Any CPU.ActiveCfg = Debug|Any CPU
		{617AAD11-F940-4B14-878B-6D776B6FE0B4}.DebugLocal|Any CPU.Build.0 = Debug|Any CPU
		{617AAD11-F940-4B14-878B-6D776B6FE0B4}.Release|Any CPU.ActiveCfg = Release|Any CPU
		{617AAD11-F940-4B14-878B-6D776B6FE0B4}.Release|Any CPU.Build.0 = Release|Any CPU
		{E9BEDB8F-11E6-432C-A20E-ECA46E25ACD8}.Debug|Any CPU.ActiveCfg = Debug|Any CPU
		{E9BEDB8F-11E6-432C-A20E-ECA46E25ACD8}.Debug|Any CPU.Build.0 = Debug|Any CPU
		{E9BEDB8F-11E6-432C-A20E-ECA46E25ACD8}.DebugLocal|Any CPU.ActiveCfg = Debug|Any CPU
		{E9BEDB8F-11E6-432C-A20E-ECA46E25ACD8}.DebugLocal|Any CPU.Build.0 = Debug|Any CPU
		{E9BEDB8F-11E6-432C-A20E-ECA46E25ACD8}.Release|Any CPU.ActiveCfg = Release|Any CPU
		{E9BEDB8F-11E6-432C-A20E-ECA46E25ACD8}.Release|Any CPU.Build.0 = Release|Any CPU
		{3EF92022-05AD-4123-95E1-1AFBFF7D149D}.Debug|Any CPU.ActiveCfg = Debug|Any CPU
		{3EF92022-05AD-4123-95E1-1AFBFF7D149D}.Debug|Any CPU.Build.0 = Debug|Any CPU
		{3EF92022-05AD-4123-95E1-1AFBFF7D149D}.DebugLocal|Any CPU.ActiveCfg = Debug|Any CPU
		{3EF92022-05AD-4123-95E1-1AFBFF7D149D}.DebugLocal|Any CPU.Build.0 = Debug|Any CPU
		{3EF92022-05AD-4123-95E1-1AFBFF7D149D}.Release|Any CPU.ActiveCfg = Release|Any CPU
		{3EF92022-05AD-4123-95E1-1AFBFF7D149D}.Release|Any CPU.Build.0 = Release|Any CPU
		{5C97F213-E630-4919-B164-0BAD8C284E9D}.Debug|Any CPU.ActiveCfg = Debug|Any CPU
		{5C97F213-E630-4919-B164-0BAD8C284E9D}.Debug|Any CPU.Build.0 = Debug|Any CPU
		{5C97F213-E630-4919-B164-0BAD8C284E9D}.DebugLocal|Any CPU.ActiveCfg = Debug|Any CPU
		{5C97F213-E630-4919-B164-0BAD8C284E9D}.DebugLocal|Any CPU.Build.0 = Debug|Any CPU
		{5C97F213-E630-4919-B164-0BAD8C284E9D}.Release|Any CPU.ActiveCfg = Release|Any CPU
		{5C97F213-E630-4919-B164-0BAD8C284E9D}.Release|Any CPU.Build.0 = Release|Any CPU
		{660BAE5C-4432-4B7C-8CB0-E860B8B3465D}.Debug|Any CPU.ActiveCfg = Debug|Any CPU
		{660BAE5C-4432-4B7C-8CB0-E860B8B3465D}.Debug|Any CPU.Build.0 = Debug|Any CPU
		{660BAE5C-4432-4B7C-8CB0-E860B8B3465D}.DebugLocal|Any CPU.ActiveCfg = Debug|Any CPU
		{660BAE5C-4432-4B7C-8CB0-E860B8B3465D}.DebugLocal|Any CPU.Build.0 = Debug|Any CPU
		{660BAE5C-4432-4B7C-8CB0-E860B8B3465D}.Release|Any CPU.ActiveCfg = Release|Any CPU
		{660BAE5C-4432-4B7C-8CB0-E860B8B3465D}.Release|Any CPU.Build.0 = Release|Any CPU
		{2FB8EA4C-6D83-44FB-B1D7-39086AD3071B}.Debug|Any CPU.ActiveCfg = Debug|Any CPU
		{2FB8EA4C-6D83-44FB-B1D7-39086AD3071B}.Debug|Any CPU.Build.0 = Debug|Any CPU
		{2FB8EA4C-6D83-44FB-B1D7-39086AD3071B}.DebugLocal|Any CPU.ActiveCfg = Debug|Any CPU
		{2FB8EA4C-6D83-44FB-B1D7-39086AD3071B}.DebugLocal|Any CPU.Build.0 = Debug|Any CPU
		{2FB8EA4C-6D83-44FB-B1D7-39086AD3071B}.Release|Any CPU.ActiveCfg = Release|Any CPU
		{2FB8EA4C-6D83-44FB-B1D7-39086AD3071B}.Release|Any CPU.Build.0 = Release|Any CPU
		{07C5919F-FA4B-49AD-933F-7A47F8C9BA11}.Debug|Any CPU.ActiveCfg = Debug|Any CPU
		{07C5919F-FA4B-49AD-933F-7A47F8C9BA11}.Debug|Any CPU.Build.0 = Debug|Any CPU
		{07C5919F-FA4B-49AD-933F-7A47F8C9BA11}.DebugLocal|Any CPU.ActiveCfg = Debug|Any CPU
		{07C5919F-FA4B-49AD-933F-7A47F8C9BA11}.DebugLocal|Any CPU.Build.0 = Debug|Any CPU
		{07C5919F-FA4B-49AD-933F-7A47F8C9BA11}.Release|Any CPU.ActiveCfg = Release|Any CPU
		{07C5919F-FA4B-49AD-933F-7A47F8C9BA11}.Release|Any CPU.Build.0 = Release|Any CPU
		{A31A51FF-C27A-4881-91D8-8C962BD23535}.Debug|Any CPU.ActiveCfg = Debug
		{A31A51FF-C27A-4881-91D8-8C962BD23535}.Debug|Any CPU.Build.0 = Debug
		{A31A51FF-C27A-4881-91D8-8C962BD23535}.Debug|Any CPU.Deploy.0 = Debug
		{A31A51FF-C27A-4881-91D8-8C962BD23535}.DebugLocal|Any CPU.ActiveCfg = DebugLocal
		{A31A51FF-C27A-4881-91D8-8C962BD23535}.DebugLocal|Any CPU.Build.0 = DebugLocal
		{A31A51FF-C27A-4881-91D8-8C962BD23535}.Release|Any CPU.ActiveCfg = Release
		{A31A51FF-C27A-4881-91D8-8C962BD23535}.Release|Any CPU.Build.0 = Release
		{A31A51FF-C27A-4881-91D8-8C962BD23535}.Release|Any CPU.Deploy.0 = Release
		{7F428B8E-7E21-493A-9B95-985A81A72ECE}.Debug|Any CPU.ActiveCfg = Debug|Any CPU
		{7F428B8E-7E21-493A-9B95-985A81A72ECE}.Debug|Any CPU.Build.0 = Debug|Any CPU
		{7F428B8E-7E21-493A-9B95-985A81A72ECE}.DebugLocal|Any CPU.ActiveCfg = Debug|Any CPU
		{7F428B8E-7E21-493A-9B95-985A81A72ECE}.DebugLocal|Any CPU.Build.0 = Debug|Any CPU
		{7F428B8E-7E21-493A-9B95-985A81A72ECE}.Release|Any CPU.ActiveCfg = Release|Any CPU
		{7F428B8E-7E21-493A-9B95-985A81A72ECE}.Release|Any CPU.Build.0 = Release|Any CPU
		{F156BEC9-E542-4D0E-9492-34FB840E59F1}.Debug|Any CPU.ActiveCfg = Debug|Any CPU
		{F156BEC9-E542-4D0E-9492-34FB840E59F1}.Debug|Any CPU.Build.0 = Debug|Any CPU
		{F156BEC9-E542-4D0E-9492-34FB840E59F1}.DebugLocal|Any CPU.ActiveCfg = Debug|Any CPU
		{F156BEC9-E542-4D0E-9492-34FB840E59F1}.DebugLocal|Any CPU.Build.0 = Debug|Any CPU
		{F156BEC9-E542-4D0E-9492-34FB840E59F1}.Release|Any CPU.ActiveCfg = Release|Any CPU
		{F156BEC9-E542-4D0E-9492-34FB840E59F1}.Release|Any CPU.Build.0 = Release|Any CPU
	EndGlobalSection
	GlobalSection(SolutionProperties) = preSolution
		HideSolutionNode = FALSE
	EndGlobalSection
	GlobalSection(NestedProjects) = preSolution
		{4C488AA7-E8C4-4A53-BFEB-05C87752FAE1} = {C8EFD42D-84F2-43EA-BC4F-511927DFCBFA}
		{49DBD739-DF0B-4581-A306-5FA688606F45} = {C8EFD42D-84F2-43EA-BC4F-511927DFCBFA}
		{D3C6E312-3F2A-4536-A13A-F2D1A06A1DF1} = {C8EFD42D-84F2-43EA-BC4F-511927DFCBFA}
		{78B4BA8D-8CDB-4BD0-AFA9-8623C8A6B71A} = {C8EFD42D-84F2-43EA-BC4F-511927DFCBFA}
		{A9295EBD-2BE0-43CB-AF9D-01DC8E656CF3} = {C8EFD42D-84F2-43EA-BC4F-511927DFCBFA}
		{85C61591-9D2B-41F6-A7F5-B9C6AAB96E02} = {4C488AA7-E8C4-4A53-BFEB-05C87752FAE1}
		{BF256B4A-AB6B-4D1E-A335-E9D6D377016E} = {4C488AA7-E8C4-4A53-BFEB-05C87752FAE1}
		{F9C0CF39-E1A0-41AA-AB44-0676F8B391B8} = {4C488AA7-E8C4-4A53-BFEB-05C87752FAE1}
		{AD958D16-FD61-4CDF-A735-CD9B5E6FA5B0} = {4C488AA7-E8C4-4A53-BFEB-05C87752FAE1}
		{6CC0B564-F8A4-4821-B993-2CD6D31C5F08} = {4C488AA7-E8C4-4A53-BFEB-05C87752FAE1}
		{9B35A8EA-AECA-48A5-9D93-4F3A5EF6215F} = {A9295EBD-2BE0-43CB-AF9D-01DC8E656CF3}
		{CA037307-7B74-4D0B-B2AD-49055AEAD5A7} = {A9295EBD-2BE0-43CB-AF9D-01DC8E656CF3}
		{3E0FCB71-6155-409F-BECB-6660CCDCABE2} = {78B4BA8D-8CDB-4BD0-AFA9-8623C8A6B71A}
		{29A85304-5151-4EC0-BBDC-653899B52D17} = {78B4BA8D-8CDB-4BD0-AFA9-8623C8A6B71A}
		{1EFDD7BB-A16E-44F6-91F5-025C36CC7CE3} = {D3C6E312-3F2A-4536-A13A-F2D1A06A1DF1}
		{F7B3BAED-5676-439F-BE8A-A97F48F75A26} = {49DBD739-DF0B-4581-A306-5FA688606F45}
		{476A3C26-231A-4889-8FE2-43F4D288BABF} = {49DBD739-DF0B-4581-A306-5FA688606F45}
		{DA1E8980-92EC-4601-AA5C-07E250727340} = {D3C6E312-3F2A-4536-A13A-F2D1A06A1DF1}
		{06D5C3A8-452B-4BAC-AC7A-E36B343AB7DB} = {F7B3BAED-5676-439F-BE8A-A97F48F75A26}
		{E839A387-3A87-49A7-9039-D114D02F05B1} = {CA037307-7B74-4D0B-B2AD-49055AEAD5A7}
		{3167A4C1-44E6-499A-8FC7-682D875429F5} = {9B35A8EA-AECA-48A5-9D93-4F3A5EF6215F}
		{79FB572D-3BD9-4FED-99A3-56B42E22430B} = {29A85304-5151-4EC0-BBDC-653899B52D17}
		{C477E3AE-850C-4681-B6C4-1A9928679CD4} = {3E0FCB71-6155-409F-BECB-6660CCDCABE2}
		{2EF2ACE9-B5DB-4B61-A6ED-66F976783689} = {DA1E8980-92EC-4601-AA5C-07E250727340}
		{BC316B5E-4FB5-416D-A256-388E72FB14CC} = {DA1E8980-92EC-4601-AA5C-07E250727340}
		{97D7D298-0EA9-4AFF-BEF8-7B50B9339F80} = {1EFDD7BB-A16E-44F6-91F5-025C36CC7CE3}
		{B1EA34BF-3885-466F-AACE-568AD3F24938} = {85C61591-9D2B-41F6-A7F5-B9C6AAB96E02}
		{02619DC1-0A34-404D-9E52-82A9890377AB} = {85C61591-9D2B-41F6-A7F5-B9C6AAB96E02}
		{DCFCA848-40EE-4F4E-A2D6-AA449C908CC5} = {85C61591-9D2B-41F6-A7F5-B9C6AAB96E02}
		{83140B1B-214C-463A-8713-0456717DAD85} = {F9C0CF39-E1A0-41AA-AB44-0676F8B391B8}
		{1BEF9562-BE48-4998-A480-53B6CF20FBB7} = {F9C0CF39-E1A0-41AA-AB44-0676F8B391B8}
		{E8E97372-82E1-417A-9E23-11106AD1CA16} = {9B35A8EA-AECA-48A5-9D93-4F3A5EF6215F}
		{159A5AB3-4BC6-4379-A5B5-168D0CB783CD} = {9B35A8EA-AECA-48A5-9D93-4F3A5EF6215F}
		{90CA39EC-0735-4732-94FE-EE02F1CD59BF} = {1BEF9562-BE48-4998-A480-53B6CF20FBB7}
		{EDD72AEC-4E7D-4010-A490-63E3B3B25346} = {1BEF9562-BE48-4998-A480-53B6CF20FBB7}
		{AD41104C-9202-4E7E-90C5-E980B69A670B} = {1BEF9562-BE48-4998-A480-53B6CF20FBB7}
		{CB89A966-C2D3-4896-9B78-08819AA44521} = {1BEF9562-BE48-4998-A480-53B6CF20FBB7}
		{D8BFBF45-D80B-4E1B-A696-6219FF3AF39F} = {6CC0B564-F8A4-4821-B993-2CD6D31C5F08}
		{C0475A8C-9B80-487B-BA28-BFDB51FF20EE} = {CB89A966-C2D3-4896-9B78-08819AA44521}
		{58F264DC-28B4-4882-AC95-95CDF04C959C} = {CB89A966-C2D3-4896-9B78-08819AA44521}
		{479576DC-FDBA-4FA4-928F-77DD34A2AF4D} = {AD41104C-9202-4E7E-90C5-E980B69A670B}
		{B3C449E0-5BCC-4EF1-8165-B761A99C171B} = {AD41104C-9202-4E7E-90C5-E980B69A670B}
		{D9A35814-9E5C-4E4A-98E6-AC0EB3401348} = {AD41104C-9202-4E7E-90C5-E980B69A670B}
		{A156A23E-091A-4735-BE60-5BB9F38E7559} = {AD41104C-9202-4E7E-90C5-E980B69A670B}
		{BF6CED7D-633D-457E-B580-038CB6F3EDE4} = {AD41104C-9202-4E7E-90C5-E980B69A670B}
		{95E10A27-C4AB-49A6-8666-DDA898DE70F8} = {AD41104C-9202-4E7E-90C5-E980B69A670B}
		{5D0B863E-1593-4B29-AFB9-8FE67A248F3C} = {AD41104C-9202-4E7E-90C5-E980B69A670B}
		{841ADBCB-2D7E-4F39-B670-D790D16C2D3D} = {AD41104C-9202-4E7E-90C5-E980B69A670B}
		{7BE7609D-528E-4772-A3A0-CD2255F6B3CE} = {AD41104C-9202-4E7E-90C5-E980B69A670B}
		{940A1F56-DA0F-444A-B3B9-B15C22626286} = {AD41104C-9202-4E7E-90C5-E980B69A670B}
		{0099BE5D-AD72-4FF4-BAE8-D05379A7F5AB} = {AD41104C-9202-4E7E-90C5-E980B69A670B}
		{361033F6-C588-4490-880D-30AD96E140C8} = {AD41104C-9202-4E7E-90C5-E980B69A670B}
		{EFA1015E-B838-464D-ACB3-7D590127CE1D} = {AD41104C-9202-4E7E-90C5-E980B69A670B}
		{2522FD54-60A6-4C39-94FD-582ACAC4C6BF} = {EDD72AEC-4E7D-4010-A490-63E3B3B25346}
		{69D17CAC-C357-44DF-BB00-DC8B917055CB} = {EDD72AEC-4E7D-4010-A490-63E3B3B25346}
		{A3AE0C19-04C4-449D-982D-77C7B2E1054E} = {EDD72AEC-4E7D-4010-A490-63E3B3B25346}
		{054DA3E1-DAAD-4DF5-95B7-0FC9096BEC39} = {476A3C26-231A-4889-8FE2-43F4D288BABF}
		{9B3D8F65-C423-4E66-A96B-856BCF48665C} = {9B35A8EA-AECA-48A5-9D93-4F3A5EF6215F}
		{617AAD11-F940-4B14-878B-6D776B6FE0B4} = {AD958D16-FD61-4CDF-A735-CD9B5E6FA5B0}
		{E9BEDB8F-11E6-432C-A20E-ECA46E25ACD8} = {BF256B4A-AB6B-4D1E-A335-E9D6D377016E}
		{3EF92022-05AD-4123-95E1-1AFBFF7D149D} = {90CA39EC-0735-4732-94FE-EE02F1CD59BF}
		{5C97F213-E630-4919-B164-0BAD8C284E9D} = {90CA39EC-0735-4732-94FE-EE02F1CD59BF}
		{660BAE5C-4432-4B7C-8CB0-E860B8B3465D} = {90CA39EC-0735-4732-94FE-EE02F1CD59BF}
		{2FB8EA4C-6D83-44FB-B1D7-39086AD3071B} = {83140B1B-214C-463A-8713-0456717DAD85}
		{07C5919F-FA4B-49AD-933F-7A47F8C9BA11} = {AD41104C-9202-4E7E-90C5-E980B69A670B}
		{A31A51FF-C27A-4881-91D8-8C962BD23535} = {46E9CAB3-91A9-4224-852E-08447AD1F78D}
		{46E9CAB3-91A9-4224-852E-08447AD1F78D} = {4C488AA7-E8C4-4A53-BFEB-05C87752FAE1}
		{7F428B8E-7E21-493A-9B95-985A81A72ECE} = {BF256B4A-AB6B-4D1E-A335-E9D6D377016E}
		{F156BEC9-E542-4D0E-9492-34FB840E59F1} = {BF256B4A-AB6B-4D1E-A335-E9D6D377016E}
	EndGlobalSection
	GlobalSection(ExtensibilityGlobals) = postSolution
		SolutionGuid = {24D31609-C5B7-4C31-9618-B4E7669C4305}
	EndGlobalSection
EndGlobal
